// !$*UTF8*$!
{
	archiveVersion = 1;
	classes = {
	};
	objectVersion = 56;
	objects = {

/* Begin PBXBuildFile section */
		1BE0BB2D2ACA5F850045A453 /* collectionViewTests.swift in Sources */ = {isa = PBXBuildFile; fileRef = 1BE0BB2C2ACA5F850045A453 /* collectionViewTests.swift */; };
		1BE0BB342ACA5FEC0045A453 /* ViewControllerTests.swift in Sources */ = {isa = PBXBuildFile; fileRef = 1BE0BB332ACA5FEC0045A453 /* ViewControllerTests.swift */; };
		1BE0BB362ACA60370045A453 /* MockAPIManager.swift in Sources */ = {isa = PBXBuildFile; fileRef = 1BE0BB352ACA60370045A453 /* MockAPIManager.swift */; };
		1BE0BB382ACA605B0045A453 /* APIManagerTests.swift in Sources */ = {isa = PBXBuildFile; fileRef = 1BE0BB372ACA605B0045A453 /* APIManagerTests.swift */; };
		ED1F28D02A06967100A50CAD /* AppDelegate.swift in Sources */ = {isa = PBXBuildFile; fileRef = ED1F28CF2A06967100A50CAD /* AppDelegate.swift */; };
		ED1F28D22A06967100A50CAD /* SceneDelegate.swift in Sources */ = {isa = PBXBuildFile; fileRef = ED1F28D12A06967100A50CAD /* SceneDelegate.swift */; };
		ED1F28D42A06967100A50CAD /* ViewController.swift in Sources */ = {isa = PBXBuildFile; fileRef = ED1F28D32A06967100A50CAD /* ViewController.swift */; };
		ED1F28D72A06967100A50CAD /* Main.storyboard in Resources */ = {isa = PBXBuildFile; fileRef = ED1F28D52A06967100A50CAD /* Main.storyboard */; };
		ED1F28D92A06967200A50CAD /* Assets.xcassets in Resources */ = {isa = PBXBuildFile; fileRef = ED1F28D82A06967200A50CAD /* Assets.xcassets */; };
		ED1F28DC2A06967200A50CAD /* LaunchScreen.storyboard in Resources */ = {isa = PBXBuildFile; fileRef = ED1F28DA2A06967200A50CAD /* LaunchScreen.storyboard */; };
		ED1F28E52A06978300A50CAD /* SnapKit in Frameworks */ = {isa = PBXBuildFile; productRef = ED1F28E42A06978300A50CAD /* SnapKit */; };
		ED1F28E72A06984900A50CAD /* ImageCell.swift in Sources */ = {isa = PBXBuildFile; fileRef = ED1F28E62A06984900A50CAD /* ImageCell.swift */; };
		ED1F28E92A069B2400A50CAD /* APIManager.swift in Sources */ = {isa = PBXBuildFile; fileRef = ED1F28E82A069B2400A50CAD /* APIManager.swift */; };
		ED1F28EB2A07613200A50CAD /* ImageStruct.swift in Sources */ = {isa = PBXBuildFile; fileRef = ED1F28EA2A07613200A50CAD /* ImageStruct.swift */; };
/* End PBXBuildFile section */

/* Begin PBXContainerItemProxy section */
		1BE0BB2E2ACA5F850045A453 /* PBXContainerItemProxy */ = {
			isa = PBXContainerItemProxy;
			containerPortal = ED1F28C42A06967100A50CAD /* Project object */;
			proxyType = 1;
			remoteGlobalIDString = ED1F28CB2A06967100A50CAD;
			remoteInfo = collectionView;
		};
/* End PBXContainerItemProxy section */

/* Begin PBXFileReference section */
		1BE0BB2A2ACA5F850045A453 /* collectionViewTests.xctest */ = {isa = PBXFileReference; explicitFileType = wrapper.cfbundle; includeInIndex = 0; path = collectionViewTests.xctest; sourceTree = BUILT_PRODUCTS_DIR; };
		1BE0BB2C2ACA5F850045A453 /* collectionViewTests.swift */ = {isa = PBXFileReference; lastKnownFileType = sourcecode.swift; path = collectionViewTests.swift; sourceTree = "<group>"; };
		1BE0BB332ACA5FEC0045A453 /* ViewControllerTests.swift */ = {isa = PBXFileReference; lastKnownFileType = sourcecode.swift; path = ViewControllerTests.swift; sourceTree = "<group>"; };
		1BE0BB352ACA60370045A453 /* MockAPIManager.swift */ = {isa = PBXFileReference; lastKnownFileType = sourcecode.swift; path = MockAPIManager.swift; sourceTree = "<group>"; };
		1BE0BB372ACA605B0045A453 /* APIManagerTests.swift */ = {isa = PBXFileReference; lastKnownFileType = sourcecode.swift; path = APIManagerTests.swift; sourceTree = "<group>"; };
		ED1F28CC2A06967100A50CAD /* collectionView.app */ = {isa = PBXFileReference; explicitFileType = wrapper.application; includeInIndex = 0; path = collectionView.app; sourceTree = BUILT_PRODUCTS_DIR; };
		ED1F28CF2A06967100A50CAD /* AppDelegate.swift */ = {isa = PBXFileReference; lastKnownFileType = sourcecode.swift; path = AppDelegate.swift; sourceTree = "<group>"; };
		ED1F28D12A06967100A50CAD /* SceneDelegate.swift */ = {isa = PBXFileReference; lastKnownFileType = sourcecode.swift; path = SceneDelegate.swift; sourceTree = "<group>"; };
		ED1F28D32A06967100A50CAD /* ViewController.swift */ = {isa = PBXFileReference; lastKnownFileType = sourcecode.swift; path = ViewController.swift; sourceTree = "<group>"; };
		ED1F28D62A06967100A50CAD /* Base */ = {isa = PBXFileReference; lastKnownFileType = file.storyboard; name = Base; path = Base.lproj/Main.storyboard; sourceTree = "<group>"; };
		ED1F28D82A06967200A50CAD /* Assets.xcassets */ = {isa = PBXFileReference; lastKnownFileType = folder.assetcatalog; path = Assets.xcassets; sourceTree = "<group>"; };
		ED1F28DB2A06967200A50CAD /* Base */ = {isa = PBXFileReference; lastKnownFileType = file.storyboard; name = Base; path = Base.lproj/LaunchScreen.storyboard; sourceTree = "<group>"; };
		ED1F28DD2A06967200A50CAD /* Info.plist */ = {isa = PBXFileReference; lastKnownFileType = text.plist.xml; path = Info.plist; sourceTree = "<group>"; };
		ED1F28E62A06984900A50CAD /* ImageCell.swift */ = {isa = PBXFileReference; lastKnownFileType = sourcecode.swift; path = ImageCell.swift; sourceTree = "<group>"; };
		ED1F28E82A069B2400A50CAD /* APIManager.swift */ = {isa = PBXFileReference; lastKnownFileType = sourcecode.swift; path = APIManager.swift; sourceTree = "<group>"; };
		ED1F28EA2A07613200A50CAD /* ImageStruct.swift */ = {isa = PBXFileReference; lastKnownFileType = sourcecode.swift; path = ImageStruct.swift; sourceTree = "<group>"; };
/* End PBXFileReference section */

/* Begin PBXFrameworksBuildPhase section */
		1BE0BB272ACA5F850045A453 /* Frameworks */ = {
			isa = PBXFrameworksBuildPhase;
			buildActionMask = 2147483647;
			files = (
			);
			runOnlyForDeploymentPostprocessing = 0;
		};
		ED1F28C92A06967100A50CAD /* Frameworks */ = {
			isa = PBXFrameworksBuildPhase;
			buildActionMask = 2147483647;
			files = (
				ED1F28E52A06978300A50CAD /* SnapKit in Frameworks */,
			);
			runOnlyForDeploymentPostprocessing = 0;
		};
/* End PBXFrameworksBuildPhase section */

/* Begin PBXGroup section */
		1BE0BB2B2ACA5F850045A453 /* collectionViewTests */ = {
			isa = PBXGroup;
			children = (
				1BE0BB2C2ACA5F850045A453 /* collectionViewTests.swift */,
				1BE0BB332ACA5FEC0045A453 /* ViewControllerTests.swift */,
				1BE0BB352ACA60370045A453 /* MockAPIManager.swift */,
				1BE0BB372ACA605B0045A453 /* APIManagerTests.swift */,
			);
			path = collectionViewTests;
			sourceTree = "<group>";
		};
		ED1F28C32A06967100A50CAD = {
			isa = PBXGroup;
			children = (
				ED1F28CE2A06967100A50CAD /* collectionView */,
				1BE0BB2B2ACA5F850045A453 /* collectionViewTests */,
				ED1F28CD2A06967100A50CAD /* Products */,
			);
			sourceTree = "<group>";
		};
		ED1F28CD2A06967100A50CAD /* Products */ = {
			isa = PBXGroup;
			children = (
				ED1F28CC2A06967100A50CAD /* collectionView.app */,
				1BE0BB2A2ACA5F850045A453 /* collectionViewTests.xctest */,
			);
			name = Products;
			sourceTree = "<group>";
		};
		ED1F28CE2A06967100A50CAD /* collectionView */ = {
			isa = PBXGroup;
			children = (
				ED1F28CF2A06967100A50CAD /* AppDelegate.swift */,
				ED1F28D12A06967100A50CAD /* SceneDelegate.swift */,
				ED1F28D32A06967100A50CAD /* ViewController.swift */,
				ED1F28D52A06967100A50CAD /* Main.storyboard */,
				ED1F28D82A06967200A50CAD /* Assets.xcassets */,
				ED1F28DA2A06967200A50CAD /* LaunchScreen.storyboard */,
				ED1F28DD2A06967200A50CAD /* Info.plist */,
				ED1F28E62A06984900A50CAD /* ImageCell.swift */,
				ED1F28E82A069B2400A50CAD /* APIManager.swift */,
				ED1F28EA2A07613200A50CAD /* ImageStruct.swift */,
			);
			path = collectionView;
			sourceTree = "<group>";
		};
/* End PBXGroup section */

/* Begin PBXNativeTarget section */
		1BE0BB292ACA5F850045A453 /* collectionViewTests */ = {
			isa = PBXNativeTarget;
			buildConfigurationList = 1BE0BB302ACA5F850045A453 /* Build configuration list for PBXNativeTarget "collectionViewTests" */;
			buildPhases = (
				1BE0BB262ACA5F850045A453 /* Sources */,
				1BE0BB272ACA5F850045A453 /* Frameworks */,
				1BE0BB282ACA5F850045A453 /* Resources */,
			);
			buildRules = (
			);
			dependencies = (
				1BE0BB2F2ACA5F850045A453 /* PBXTargetDependency */,
			);
			name = collectionViewTests;
			productName = collectionViewTests;
			productReference = 1BE0BB2A2ACA5F850045A453 /* collectionViewTests.xctest */;
			productType = "com.apple.product-type.bundle.unit-test";
		};
		ED1F28CB2A06967100A50CAD /* collectionView */ = {
			isa = PBXNativeTarget;
			buildConfigurationList = ED1F28E02A06967200A50CAD /* Build configuration list for PBXNativeTarget "collectionView" */;
			buildPhases = (
				ED1F28C82A06967100A50CAD /* Sources */,
				ED1F28C92A06967100A50CAD /* Frameworks */,
				ED1F28CA2A06967100A50CAD /* Resources */,
			);
			buildRules = (
			);
			dependencies = (
			);
			name = collectionView;
			packageProductDependencies = (
				ED1F28E42A06978300A50CAD /* SnapKit */,
			);
			productName = collectionView;
			productReference = ED1F28CC2A06967100A50CAD /* collectionView.app */;
			productType = "com.apple.product-type.application";
		};
/* End PBXNativeTarget section */

/* Begin PBXProject section */
		ED1F28C42A06967100A50CAD /* Project object */ = {
			isa = PBXProject;
			attributes = {
				BuildIndependentTargetsInParallel = 1;
				LastSwiftUpdateCheck = 1500;
				LastUpgradeCheck = 1420;
				TargetAttributes = {
					1BE0BB292ACA5F850045A453 = {
						CreatedOnToolsVersion = 15.0;
						TestTargetID = ED1F28CB2A06967100A50CAD;
					};
					ED1F28CB2A06967100A50CAD = {
						CreatedOnToolsVersion = 14.2;
					};
				};
			};
			buildConfigurationList = ED1F28C72A06967100A50CAD /* Build configuration list for PBXProject "collectionView" */;
			compatibilityVersion = "Xcode 14.0";
			developmentRegion = en;
			hasScannedForEncodings = 0;
			knownRegions = (
				en,
				Base,
			);
			mainGroup = ED1F28C32A06967100A50CAD;
			packageReferences = (
				ED1F28E32A06978300A50CAD /* XCRemoteSwiftPackageReference "SnapKit" */,
			);
			productRefGroup = ED1F28CD2A06967100A50CAD /* Products */;
			projectDirPath = "";
			projectRoot = "";
			targets = (
				ED1F28CB2A06967100A50CAD /* collectionView */,
				1BE0BB292ACA5F850045A453 /* collectionViewTests */,
			);
		};
/* End PBXProject section */

/* Begin PBXResourcesBuildPhase section */
		1BE0BB282ACA5F850045A453 /* Resources */ = {
			isa = PBXResourcesBuildPhase;
			buildActionMask = 2147483647;
			files = (
			);
			runOnlyForDeploymentPostprocessing = 0;
		};
		ED1F28CA2A06967100A50CAD /* Resources */ = {
			isa = PBXResourcesBuildPhase;
			buildActionMask = 2147483647;
			files = (
				ED1F28DC2A06967200A50CAD /* LaunchScreen.storyboard in Resources */,
				ED1F28D92A06967200A50CAD /* Assets.xcassets in Resources */,
				ED1F28D72A06967100A50CAD /* Main.storyboard in Resources */,
			);
			runOnlyForDeploymentPostprocessing = 0;
		};
/* End PBXResourcesBuildPhase section */

/* Begin PBXSourcesBuildPhase section */
		1BE0BB262ACA5F850045A453 /* Sources */ = {
			isa = PBXSourcesBuildPhase;
			buildActionMask = 2147483647;
			files = (
				1BE0BB382ACA605B0045A453 /* APIManagerTests.swift in Sources */,
				1BE0BB342ACA5FEC0045A453 /* ViewControllerTests.swift in Sources */,
				1BE0BB2D2ACA5F850045A453 /* collectionViewTests.swift in Sources */,
				1BE0BB362ACA60370045A453 /* MockAPIManager.swift in Sources */,
			);
			runOnlyForDeploymentPostprocessing = 0;
		};
		ED1F28C82A06967100A50CAD /* Sources */ = {
			isa = PBXSourcesBuildPhase;
			buildActionMask = 2147483647;
			files = (
				ED1F28D42A06967100A50CAD /* ViewController.swift in Sources */,
				ED1F28E72A06984900A50CAD /* ImageCell.swift in Sources */,
				ED1F28E92A069B2400A50CAD /* APIManager.swift in Sources */,
				ED1F28D02A06967100A50CAD /* AppDelegate.swift in Sources */,
				ED1F28EB2A07613200A50CAD /* ImageStruct.swift in Sources */,
				ED1F28D22A06967100A50CAD /* SceneDelegate.swift in Sources */,
			);
			runOnlyForDeploymentPostprocessing = 0;
		};
/* End PBXSourcesBuildPhase section */

/* Begin PBXTargetDependency section */
		1BE0BB2F2ACA5F850045A453 /* PBXTargetDependency */ = {
			isa = PBXTargetDependency;
			target = ED1F28CB2A06967100A50CAD /* collectionView */;
			targetProxy = 1BE0BB2E2ACA5F850045A453 /* PBXContainerItemProxy */;
		};
/* End PBXTargetDependency section */

/* Begin PBXVariantGroup section */
		ED1F28D52A06967100A50CAD /* Main.storyboard */ = {
			isa = PBXVariantGroup;
			children = (
				ED1F28D62A06967100A50CAD /* Base */,
			);
			name = Main.storyboard;
			sourceTree = "<group>";
		};
		ED1F28DA2A06967200A50CAD /* LaunchScreen.storyboard */ = {
			isa = PBXVariantGroup;
			children = (
				ED1F28DB2A06967200A50CAD /* Base */,
			);
			name = LaunchScreen.storyboard;
			sourceTree = "<group>";
		};
/* End PBXVariantGroup section */

/* Begin XCBuildConfiguration section */
		1BE0BB312ACA5F850045A453 /* Debug */ = {
			isa = XCBuildConfiguration;
			buildSettings = {
				ASSETCATALOG_COMPILER_GENERATE_SWIFT_ASSET_SYMBOL_EXTENSIONS = YES;
				BUNDLE_LOADER = "$(TEST_HOST)";
				CODE_SIGN_STYLE = Automatic;
				CURRENT_PROJECT_VERSION = 1;
				DEVELOPMENT_TEAM = 9626PS532X;
				ENABLE_USER_SCRIPT_SANDBOXING = YES;
				GCC_C_LANGUAGE_STANDARD = gnu17;
				GENERATE_INFOPLIST_FILE = YES;
				IPHONEOS_DEPLOYMENT_TARGET = 17.0;
				LOCALIZATION_PREFERS_STRING_CATALOGS = YES;
				MARKETING_VERSION = 1.0;
				PRODUCT_BUNDLE_IDENTIFIER = nsertay.collectionViewTests;
				PRODUCT_NAME = "$(TARGET_NAME)";
				SWIFT_ACTIVE_COMPILATION_CONDITIONS = "DEBUG $(inherited)";
				SWIFT_EMIT_LOC_STRINGS = NO;
				SWIFT_VERSION = 5.0;
				TARGETED_DEVICE_FAMILY = "1,2";
				TEST_HOST = "$(BUILT_PRODUCTS_DIR)/collectionView.app/$(BUNDLE_EXECUTABLE_FOLDER_PATH)/collectionView";
			};
			name = Debug;
		};
		1BE0BB322ACA5F850045A453 /* Release */ = {
			isa = XCBuildConfiguration;
			buildSettings = {
				ASSETCATALOG_COMPILER_GENERATE_SWIFT_ASSET_SYMBOL_EXTENSIONS = YES;
				BUNDLE_LOADER = "$(TEST_HOST)";
				CODE_SIGN_STYLE = Automatic;
				CURRENT_PROJECT_VERSION = 1;
				DEVELOPMENT_TEAM = 9626PS532X;
				ENABLE_USER_SCRIPT_SANDBOXING = YES;
				GCC_C_LANGUAGE_STANDARD = gnu17;
				GENERATE_INFOPLIST_FILE = YES;
				IPHONEOS_DEPLOYMENT_TARGET = 17.0;
				LOCALIZATION_PREFERS_STRING_CATALOGS = YES;
				MARKETING_VERSION = 1.0;
				PRODUCT_BUNDLE_IDENTIFIER = nsertay.collectionViewTests;
				PRODUCT_NAME = "$(TARGET_NAME)";
				SWIFT_EMIT_LOC_STRINGS = NO;
				SWIFT_VERSION = 5.0;
				TARGETED_DEVICE_FAMILY = "1,2";
				TEST_HOST = "$(BUILT_PRODUCTS_DIR)/collectionView.app/$(BUNDLE_EXECUTABLE_FOLDER_PATH)/collectionView";
			};
			name = Release;
		};
		ED1F28DE2A06967200A50CAD /* Debug */ = {
			isa = XCBuildConfiguration;
			buildSettings = {
				ALWAYS_SEARCH_USER_PATHS = NO;
				CLANG_ANALYZER_NONNULL = YES;
				CLANG_ANALYZER_NUMBER_OBJECT_CONVERSION = YES_AGGRESSIVE;
				CLANG_CXX_LANGUAGE_STANDARD = "gnu++20";
				CLANG_ENABLE_MODULES = YES;
				CLANG_ENABLE_OBJC_ARC = YES;
				CLANG_ENABLE_OBJC_WEAK = YES;
				CLANG_WARN_BLOCK_CAPTURE_AUTORELEASING = YES;
				CLANG_WARN_BOOL_CONVERSION = YES;
				CLANG_WARN_COMMA = YES;
				CLANG_WARN_CONSTANT_CONVERSION = YES;
				CLANG_WARN_DEPRECATED_OBJC_IMPLEMENTATIONS = YES;
				CLANG_WARN_DIRECT_OBJC_ISA_USAGE = YES_ERROR;
				CLANG_WARN_DOCUMENTATION_COMMENTS = YES;
				CLANG_WARN_EMPTY_BODY = YES;
				CLANG_WARN_ENUM_CONVERSION = YES;
				CLANG_WARN_INFINITE_RECURSION = YES;
				CLANG_WARN_INT_CONVERSION = YES;
				CLANG_WARN_NON_LITERAL_NULL_CONVERSION = YES;
				CLANG_WARN_OBJC_IMPLICIT_RETAIN_SELF = YES;
				CLANG_WARN_OBJC_LITERAL_CONVERSION = YES;
				CLANG_WARN_OBJC_ROOT_CLASS = YES_ERROR;
				CLANG_WARN_QUOTED_INCLUDE_IN_FRAMEWORK_HEADER = YES;
				CLANG_WARN_RANGE_LOOP_ANALYSIS = YES;
				CLANG_WARN_STRICT_PROTOTYPES = YES;
				CLANG_WARN_SUSPICIOUS_MOVE = YES;
				CLANG_WARN_UNGUARDED_AVAILABILITY = YES_AGGRESSIVE;
				CLANG_WARN_UNREACHABLE_CODE = YES;
				CLANG_WARN__DUPLICATE_METHOD_MATCH = YES;
				COPY_PHASE_STRIP = NO;
				DEBUG_INFORMATION_FORMAT = dwarf;
				ENABLE_STRICT_OBJC_MSGSEND = YES;
				ENABLE_TESTABILITY = YES;
				GCC_C_LANGUAGE_STANDARD = gnu11;
				GCC_DYNAMIC_NO_PIC = NO;
				GCC_NO_COMMON_BLOCKS = YES;
				GCC_OPTIMIZATION_LEVEL = 0;
				GCC_PREPROCESSOR_DEFINITIONS = (
					"DEBUG=1",
					"$(inherited)",
				);
				GCC_WARN_64_TO_32_BIT_CONVERSION = YES;
				GCC_WARN_ABOUT_RETURN_TYPE = YES_ERROR;
				GCC_WARN_UNDECLARED_SELECTOR = YES;
				GCC_WARN_UNINITIALIZED_AUTOS = YES_AGGRESSIVE;
				GCC_WARN_UNUSED_FUNCTION = YES;
				GCC_WARN_UNUSED_VARIABLE = YES;
				IPHONEOS_DEPLOYMENT_TARGET = 16.2;
				MTL_ENABLE_DEBUG_INFO = INCLUDE_SOURCE;
				MTL_FAST_MATH = YES;
				ONLY_ACTIVE_ARCH = YES;
				SDKROOT = iphoneos;
				SWIFT_ACTIVE_COMPILATION_CONDITIONS = DEBUG;
				SWIFT_OPTIMIZATION_LEVEL = "-Onone";
			};
			name = Debug;
		};
		ED1F28DF2A06967200A50CAD /* Release */ = {
			isa = XCBuildConfiguration;
			buildSettings = {
				ALWAYS_SEARCH_USER_PATHS = NO;
				CLANG_ANALYZER_NONNULL = YES;
				CLANG_ANALYZER_NUMBER_OBJECT_CONVERSION = YES_AGGRESSIVE;
				CLANG_CXX_LANGUAGE_STANDARD = "gnu++20";
				CLANG_ENABLE_MODULES = YES;
				CLANG_ENABLE_OBJC_ARC = YES;
				CLANG_ENABLE_OBJC_WEAK = YES;
				CLANG_WARN_BLOCK_CAPTURE_AUTORELEASING = YES;
				CLANG_WARN_BOOL_CONVERSION = YES;
				CLANG_WARN_COMMA = YES;
				CLANG_WARN_CONSTANT_CONVERSION = YES;
				CLANG_WARN_DEPRECATED_OBJC_IMPLEMENTATIONS = YES;
				CLANG_WARN_DIRECT_OBJC_ISA_USAGE = YES_ERROR;
				CLANG_WARN_DOCUMENTATION_COMMENTS = YES;
				CLANG_WARN_EMPTY_BODY = YES;
				CLANG_WARN_ENUM_CONVERSION = YES;
				CLANG_WARN_INFINITE_RECURSION = YES;
				CLANG_WARN_INT_CONVERSION = YES;
				CLANG_WARN_NON_LITERAL_NULL_CONVERSION = YES;
				CLANG_WARN_OBJC_IMPLICIT_RETAIN_SELF = YES;
				CLANG_WARN_OBJC_LITERAL_CONVERSION = YES;
				CLANG_WARN_OBJC_ROOT_CLASS = YES_ERROR;
				CLANG_WARN_QUOTED_INCLUDE_IN_FRAMEWORK_HEADER = YES;
				CLANG_WARN_RANGE_LOOP_ANALYSIS = YES;
				CLANG_WARN_STRICT_PROTOTYPES = YES;
				CLANG_WARN_SUSPICIOUS_MOVE = YES;
				CLANG_WARN_UNGUARDED_AVAILABILITY = YES_AGGRESSIVE;
				CLANG_WARN_UNREACHABLE_CODE = YES;
				CLANG_WARN__DUPLICATE_METHOD_MATCH = YES;
				COPY_PHASE_STRIP = NO;
				DEBUG_INFORMATION_FORMAT = "dwarf-with-dsym";
				ENABLE_NS_ASSERTIONS = NO;
				ENABLE_STRICT_OBJC_MSGSEND = YES;
				GCC_C_LANGUAGE_STANDARD = gnu11;
				GCC_NO_COMMON_BLOCKS = YES;
				GCC_WARN_64_TO_32_BIT_CONVERSION = YES;
				GCC_WARN_ABOUT_RETURN_TYPE = YES_ERROR;
				GCC_WARN_UNDECLARED_SELECTOR = YES;
				GCC_WARN_UNINITIALIZED_AUTOS = YES_AGGRESSIVE;
				GCC_WARN_UNUSED_FUNCTION = YES;
				GCC_WARN_UNUSED_VARIABLE = YES;
				IPHONEOS_DEPLOYMENT_TARGET = 16.2;
				MTL_ENABLE_DEBUG_INFO = NO;
				MTL_FAST_MATH = YES;
				SDKROOT = iphoneos;
				SWIFT_COMPILATION_MODE = wholemodule;
				SWIFT_OPTIMIZATION_LEVEL = "-O";
				VALIDATE_PRODUCT = YES;
			};
			name = Release;
		};
		ED1F28E12A06967200A50CAD /* Debug */ = {
			isa = XCBuildConfiguration;
			buildSettings = {
				ASSETCATALOG_COMPILER_APPICON_NAME = AppIcon;
				ASSETCATALOG_COMPILER_GLOBAL_ACCENT_COLOR_NAME = AccentColor;
				CODE_SIGN_STYLE = Automatic;
				CURRENT_PROJECT_VERSION = 1;
				DEVELOPMENT_TEAM = 9626PS532X;
				GENERATE_INFOPLIST_FILE = YES;
				INFOPLIST_FILE = collectionView/Info.plist;
				INFOPLIST_KEY_UIApplicationSupportsIndirectInputEvents = YES;
				INFOPLIST_KEY_UILaunchStoryboardName = LaunchScreen;
				INFOPLIST_KEY_UIMainStoryboardFile = Main;
				INFOPLIST_KEY_UISupportedInterfaceOrientations_iPad = "UIInterfaceOrientationPortrait UIInterfaceOrientationPortraitUpsideDown UIInterfaceOrientationLandscapeLeft UIInterfaceOrientationLandscapeRight";
				INFOPLIST_KEY_UISupportedInterfaceOrientations_iPhone = "UIInterfaceOrientationPortrait UIInterfaceOrientationLandscapeLeft UIInterfaceOrientationLandscapeRight";
				LD_RUNPATH_SEARCH_PATHS = (
					"$(inherited)",
					"@executable_path/Frameworks",
				);
				MARKETING_VERSION = 1.0;
				PRODUCT_BUNDLE_IDENTIFIER = nurmukhanbet.sertay.collectionView;
				PRODUCT_NAME = "$(TARGET_NAME)";
				SWIFT_EMIT_LOC_STRINGS = YES;
				SWIFT_VERSION = 5.0;
				TARGETED_DEVICE_FAMILY = "1,2";
			};
			name = Debug;
		};
		ED1F28E22A06967200A50CAD /* Release */ = {
			isa = XCBuildConfiguration;
			buildSettings = {
				ASSETCATALOG_COMPILER_APPICON_NAME = AppIcon;
				ASSETCATALOG_COMPILER_GLOBAL_ACCENT_COLOR_NAME = AccentColor;
				CODE_SIGN_STYLE = Automatic;
				CURRENT_PROJECT_VERSION = 1;
				DEVELOPMENT_TEAM = 9626PS532X;
				GENERATE_INFOPLIST_FILE = YES;
				INFOPLIST_FILE = collectionView/Info.plist;
				INFOPLIST_KEY_UIApplicationSupportsIndirectInputEvents = YES;
				INFOPLIST_KEY_UILaunchStoryboardName = LaunchScreen;
				INFOPLIST_KEY_UIMainStoryboardFile = Main;
				INFOPLIST_KEY_UISupportedInterfaceOrientations_iPad = "UIInterfaceOrientationPortrait UIInterfaceOrientationPortraitUpsideDown UIInterfaceOrientationLandscapeLeft UIInterfaceOrientationLandscapeRight";
				INFOPLIST_KEY_UISupportedInterfaceOrientations_iPhone = "UIInterfaceOrientationPortrait UIInterfaceOrientationLandscapeLeft UIInterfaceOrientationLandscapeRight";
				LD_RUNPATH_SEARCH_PATHS = (
					"$(inherited)",
					"@executable_path/Frameworks",
				);
				MARKETING_VERSION = 1.0;
				PRODUCT_BUNDLE_IDENTIFIER = nurmukhanbet.sertay.collectionView;
				PRODUCT_NAME = "$(TARGET_NAME)";
				SWIFT_EMIT_LOC_STRINGS = YES;
				SWIFT_VERSION = 5.0;
				TARGETED_DEVICE_FAMILY = "1,2";
			};
			name = Release;
		};
/* End XCBuildConfiguration section */

/* Begin XCConfigurationList section */
		1BE0BB302ACA5F850045A453 /* Build configuration list for PBXNativeTarget "collectionViewTests" */ = {
			isa = XCConfigurationList;
			buildConfigurations = (
				1BE0BB312ACA5F850045A453 /* Debug */,
				1BE0BB322ACA5F850045A453 /* Release */,
			);
			defaultConfigurationIsVisible = 0;
			defaultConfigurationName = Release;
		};
		ED1F28C72A06967100A50CAD /* Build configuration list for PBXProject "collectionView" */ = {
			isa = XCConfigurationList;
			buildConfigurations = (
				ED1F28DE2A06967200A50CAD /* Debug */,
				ED1F28DF2A06967200A50CAD /* Release */,
			);
			defaultConfigurationIsVisible = 0;
			defaultConfigurationName = Release;
		};
		ED1F28E02A06967200A50CAD /* Build configuration list for PBXNativeTarget "collectionView" */ = {
			isa = XCConfigurationList;
			buildConfigurations = (
				ED1F28E12A06967200A50CAD /* Debug */,
				ED1F28E22A06967200A50CAD /* Release */,
			);
			defaultConfigurationIsVisible = 0;
			defaultConfigurationName = Release;
		};
/* End XCConfigurationList section */

/* Begin XCRemoteSwiftPackageReference section */
		ED1F28E32A06978300A50CAD /* XCRemoteSwiftPackageReference "SnapKit" */ = {
			isa = XCRemoteSwiftPackageReference;
			repositoryURL = "https://github.com/SnapKit/SnapKit.git";
			requirement = {
				kind = upToNextMajorVersion;
				minimumVersion = 5.0.0;
			};
		};
/* End XCRemoteSwiftPackageReference section */

/* Begin XCSwiftPackageProductDependency section */
		ED1F28E42A06978300A50CAD /* SnapKit */ = {
			isa = XCSwiftPackageProductDependency;
			package = ED1F28E32A06978300A50CAD /* XCRemoteSwiftPackageReference "SnapKit" */;
			productName = SnapKit;
		};
/* End XCSwiftPackageProductDependency section */
	};
	rootObject = ED1F28C42A06967100A50CAD /* Project object */;
}
